
Microsoft Visual Studio Solution File, Format Version 12.00
# Visual Studio Version 17
VisualStudioVersion = 17.5.002.0
MinimumVisualStudioVersion = 10.0.40219.1
Project("{9A19103F-16F7-4668-BE54-9A1E7A4F7556}") = "Troja", "Troja.csproj", "{F9F8CA6C-70F4-445B-8DCF-DB205A009107}"
EndProject
Global
	GlobalSection(SolutionConfigurationPlatforms) = preSolution
		Debug|Any CPU = Debug|Any CPU
		Release|Any CPU = Release|Any CPU
	EndGlobalSection
	GlobalSection(ProjectConfigurationPlatforms) = postSolution
		{F9F8CA6C-70F4-445B-8DCF-DB205A009107}.Debug|Any CPU.ActiveCfg = Debug|Any CPU
		{F9F8CA6C-70F4-445B-8DCF-DB205A009107}.Debug|Any CPU.Build.0 = Debug|Any CPU
		{F9F8CA6C-70F4-445B-8DCF-DB205A009107}.Release|Any CPU.ActiveCfg = Release|Any CPU
		{F9F8CA6C-70F4-445B-8DCF-DB205A009107}.Release|Any CPU.Build.0 = Release|Any CPU
	EndGlobalSection
	GlobalSection(SolutionProperties) = preSolution
		HideSolutionNode = FALSE
	EndGlobalSection
	GlobalSection(ExtensibilityGlobals) = postSolution
		SolutionGuid = {279AFBAC-41DD-4760-BF61-C8383D1FB2AA}
	EndGlobalSection
EndGlobal
